
Microsoft Visual Studio Solution File, Format Version 12.00
Project("{FAE04EC0-301F-11D3-BF4B-00C04F79EFBC}") = "DMTools.Users.API", "DMTools.Users.API\DMTools.Users.API.csproj", "{C89ED3ED-D510-4A54-B0E3-84DC5ABCDDD9}"
EndProject
Project("{FAE04EC0-301F-11D3-BF4B-00C04F79EFBC}") = "DMTools.Users.DataAccess", "DMTools.Users.DataAccess\DMTools.Users.DataAccess.csproj", "{82918E1E-FB9D-486A-9D4B-7B265B79A5C9}"
EndProject
Project("{2150E333-8FDC-42A3-9474-1A3956D46DE8}") = "Docker", "Docker", "{377FA81D-B025-49AA-B3F5-B6A0F770FA9F}"
ProjectSection(SolutionItems) = preProject
	dev.dockerfile = dev.dockerfile
	dev.dockerignore = dev.dockerignore
EndProjectSection
EndProject
Global
	GlobalSection(SolutionConfigurationPlatforms) = preSolution
		Debug|Any CPU = Debug|Any CPU
		Release|Any CPU = Release|Any CPU
	EndGlobalSection
	GlobalSection(ProjectConfigurationPlatforms) = postSolution
		{C89ED3ED-D510-4A54-B0E3-84DC5ABCDDD9}.Debug|Any CPU.ActiveCfg = Debug|Any CPU
		{C89ED3ED-D510-4A54-B0E3-84DC5ABCDDD9}.Debug|Any CPU.Build.0 = Debug|Any CPU
		{C89ED3ED-D510-4A54-B0E3-84DC5ABCDDD9}.Release|Any CPU.ActiveCfg = Release|Any CPU
		{C89ED3ED-D510-4A54-B0E3-84DC5ABCDDD9}.Release|Any CPU.Build.0 = Release|Any CPU
		{82918E1E-FB9D-486A-9D4B-7B265B79A5C9}.Debug|Any CPU.ActiveCfg = Debug|Any CPU
		{82918E1E-FB9D-486A-9D4B-7B265B79A5C9}.Debug|Any CPU.Build.0 = Debug|Any CPU
		{82918E1E-FB9D-486A-9D4B-7B265B79A5C9}.Release|Any CPU.ActiveCfg = Release|Any CPU
		{82918E1E-FB9D-486A-9D4B-7B265B79A5C9}.Release|Any CPU.Build.0 = Release|Any CPU
	EndGlobalSection
EndGlobal
